
Microsoft Visual Studio Solution File, Format Version 12.00
# Visual Studio Version 17
VisualStudioVersion = 17.5.002.0
MinimumVisualStudioVersion = 10.0.40219.1
Project("{9A19103F-16F7-4668-BE54-9A1E7A4F7556}") = "api", "api.csproj", "{D4707BC8-C89A-4208-843E-7CA6C1EF711D}"
EndProject
Global
	GlobalSection(SolutionConfigurationPlatforms) = preSolution
		Debug|Any CPU = Debug|Any CPU
		Release|Any CPU = Release|Any CPU
	EndGlobalSection
	GlobalSection(ProjectConfigurationPlatforms) = postSolution
		{D4707BC8-C89A-4208-843E-7CA6C1EF711D}.Debug|Any CPU.ActiveCfg = Debug|Any CPU
		{D4707BC8-C89A-4208-843E-7CA6C1EF711D}.Debug|Any CPU.Build.0 = Debug|Any CPU
		{D4707BC8-C89A-4208-843E-7CA6C1EF711D}.Release|Any CPU.ActiveCfg = Release|Any CPU
		{D4707BC8-C89A-4208-843E-7CA6C1EF711D}.Release|Any CPU.Build.0 = Release|Any CPU
	EndGlobalSection
	GlobalSection(SolutionProperties) = preSolution
		HideSolutionNode = FALSE
	EndGlobalSection
	GlobalSection(ExtensibilityGlobals) = postSolution
		SolutionGuid = {2533D74C-C279-4DC1-B64C-917D7C804951}
	EndGlobalSection
EndGlobal
